
Microsoft Visual Studio Solution File, Format Version 12.00
# Visual Studio Version 16
VisualStudioVersion = 16.0.29613.14
MinimumVisualStudioVersion = 10.0.40219.1
Project("{FAE04EC0-301F-11D3-BF4B-00C04F79EFBC}") = "AccessQRControl", "AccessQRControl\AccessQRControl.csproj", "{D62C1C99-1212-42CB-BCA7-804E3D915EEC}"
EndProject
Global
	GlobalSection(SolutionConfigurationPlatforms) = preSolution
		Debug|Any CPU = Debug|Any CPU
		Release|Any CPU = Release|Any CPU
	EndGlobalSection
	GlobalSection(ProjectConfigurationPlatforms) = postSolution
		{D62C1C99-1212-42CB-BCA7-804E3D915EEC}.Debug|Any CPU.ActiveCfg = Debug|Any CPU
		{D62C1C99-1212-42CB-BCA7-804E3D915EEC}.Debug|Any CPU.Build.0 = Debug|Any CPU
		{D62C1C99-1212-42CB-BCA7-804E3D915EEC}.Release|Any CPU.ActiveCfg = Release|Any CPU
		{D62C1C99-1212-42CB-BCA7-804E3D915EEC}.Release|Any CPU.Build.0 = Release|Any CPU
	EndGlobalSection
	GlobalSection(SolutionProperties) = preSolution
		HideSolutionNode = FALSE
	EndGlobalSection
	GlobalSection(ExtensibilityGlobals) = postSolution
		SolutionGuid = {2A50B82A-1BCA-4435-8A69-E9E0EA2A2366}
	EndGlobalSection
EndGlobal
